
Microsoft Visual Studio Solution File, Format Version 12.00
# Visual Studio Version 16
VisualStudioVersion = 16.0.29503.13
MinimumVisualStudioVersion = 10.0.40219.1
Project("{FAE04EC0-301F-11D3-BF4B-00C04F79EFBC}") = "Yingworld", "Yingworld\Yingworld.csproj", "{5A8287FB-4546-4F97-A4F5-02551F0CFB8D}"
EndProject
Global
	GlobalSection(SolutionConfigurationPlatforms) = preSolution
		Debug|Any CPU = Debug|Any CPU
		Release|Any CPU = Release|Any CPU
	EndGlobalSection
	GlobalSection(ProjectConfigurationPlatforms) = postSolution
		{5A8287FB-4546-4F97-A4F5-02551F0CFB8D}.Debug|Any CPU.ActiveCfg = Debug|Any CPU
		{5A8287FB-4546-4F97-A4F5-02551F0CFB8D}.Debug|Any CPU.Build.0 = Debug|Any CPU
		{5A8287FB-4546-4F97-A4F5-02551F0CFB8D}.Release|Any CPU.ActiveCfg = Release|Any CPU
		{5A8287FB-4546-4F97-A4F5-02551F0CFB8D}.Release|Any CPU.Build.0 = Release|Any CPU
	EndGlobalSection
	GlobalSection(SolutionProperties) = preSolution
		HideSolutionNode = FALSE
	EndGlobalSection
	GlobalSection(ExtensibilityGlobals) = postSolution
		SolutionGuid = {60D55E9E-7329-4F43-B61C-5BB203B05FA8}
	EndGlobalSection
EndGlobal
